
Microsoft Visual Studio Solution File, Format Version 12.00
# Visual Studio Version 17
VisualStudioVersion = 17.5.33516.290
MinimumVisualStudioVersion = 10.0.40219.1
Project("{9A19103F-16F7-4668-BE54-9A1E7A4F7556}") = "WeInfuseBowlingScore", "WeInfuseBowlingScore\WeInfuseBowlingScore.csproj", "{D0E9E6D5-C2A8-4E49-BD20-753270AD90D0}"
EndProject
Project("{FAE04EC0-301F-11D3-BF4B-00C04F79EFBC}") = "WeInfuseBowlingScoreTests", "WeInfuseBowlingScoreTests\WeInfuseBowlingScoreTests.csproj", "{D8014E7F-CE0A-439C-A80F-EA54CDEC3649}"
EndProject
Global
	GlobalSection(SolutionConfigurationPlatforms) = preSolution
		Debug|Any CPU = Debug|Any CPU
		Release|Any CPU = Release|Any CPU
	EndGlobalSection
	GlobalSection(ProjectConfigurationPlatforms) = postSolution
		{D0E9E6D5-C2A8-4E49-BD20-753270AD90D0}.Debug|Any CPU.ActiveCfg = Debug|Any CPU
		{D0E9E6D5-C2A8-4E49-BD20-753270AD90D0}.Debug|Any CPU.Build.0 = Debug|Any CPU
		{D0E9E6D5-C2A8-4E49-BD20-753270AD90D0}.Release|Any CPU.ActiveCfg = Release|Any CPU
		{D0E9E6D5-C2A8-4E49-BD20-753270AD90D0}.Release|Any CPU.Build.0 = Release|Any CPU
		{D8014E7F-CE0A-439C-A80F-EA54CDEC3649}.Debug|Any CPU.ActiveCfg = Debug|Any CPU
		{D8014E7F-CE0A-439C-A80F-EA54CDEC3649}.Debug|Any CPU.Build.0 = Debug|Any CPU
		{D8014E7F-CE0A-439C-A80F-EA54CDEC3649}.Release|Any CPU.ActiveCfg = Release|Any CPU
		{D8014E7F-CE0A-439C-A80F-EA54CDEC3649}.Release|Any CPU.Build.0 = Release|Any CPU
	EndGlobalSection
	GlobalSection(SolutionProperties) = preSolution
		HideSolutionNode = FALSE
	EndGlobalSection
	GlobalSection(ExtensibilityGlobals) = postSolution
		SolutionGuid = {39BF0330-D3C5-497C-9F6F-680738D5DC10}
	EndGlobalSection
EndGlobal
